PODS:
  - boost (1.76.0)
  - CocoaAsyncSocket (7.6.5)
  - DoubleConversion (1.1.6)
  - FBLazyVector (0.69.4)
  - FBReactNativeSpec (0.69.4):
    - RCT-Folly (= 2021.06.28.00-v2)
    - RCTRequired (= 0.69.4)
    - RCTTypeSafety (= 0.69.4)
    - React-Core (= 0.69.4)
    - React-jsi (= 0.69.4)
    - ReactCommon/turbomodule/core (= 0.69.4)
  - Flipper (0.125.0):
    - Flipper-Folly (~> 2.6)
    - Flipper-RSocket (~> 1.4)
  - Flipper-Boost-iOSX (1.76.0.1.11)
  - Flipper-DoubleConversion (3.2.0.1)
  - Flipper-Fmt (7.1.7)
  - Flipper-Folly (2.6.10):
    - Flipper-Boost-iOSX
    - Flipper-DoubleConversion
    - Flipper-Fmt (= 7.1.7)
    - Flipper-Glog
    - libevent (~> 2.1.12)
    - OpenSSL-Universal (= 1.1.1100)
  - Flipper-Glog (0.5.0.5)
  - Flipper-PeerTalk (0.0.4)
  - Flipper-RSocket (1.4.3):
    - Flipper-Folly (~> 2.6)
  - FlipperKit (0.125.0):
    - FlipperKit/Core (= 0.125.0)
  - FlipperKit/Core (0.125.0):
    - Flipper (~> 0.125.0)
    - FlipperKit/CppBridge
    - FlipperKit/FBCxxFollyDynamicConvert
    - FlipperKit/FBDefines
    - FlipperKit/FKPortForwarding
    - SocketRocket (~> 0.6.0)
  - FlipperKit/CppBridge (0.125.0):
    - Flipper (~> 0.125.0)
  - FlipperKit/FBCxxFollyDynamicConvert (0.125.0):
    - Flipper-Folly (~> 2.6)
  - FlipperKit/FBDefines (0.125.0)
  - FlipperKit/FKPortForwarding (0.125.0):
    - CocoaAsyncSocket (~> 7.6)
    - Flipper-PeerTalk (~> 0.0.4)
  - FlipperKit/FlipperKitHighlightOverlay (0.125.0)
  - FlipperKit/FlipperKitLayoutHelpers (0.125.0):
    - FlipperKit/Core
    - FlipperKit/FlipperKitHighlightOverlay
    - FlipperKit/FlipperKitLayoutTextSearchable
  - FlipperKit/FlipperKitLayoutIOSDescriptors (0.125.0):
    - FlipperKit/Core
    - FlipperKit/FlipperKitHighlightOverlay
    - FlipperKit/FlipperKitLayoutHelpers
    - YogaKit (~> 1.18)
  - FlipperKit/FlipperKitLayoutPlugin (0.125.0):
    - FlipperKit/Core
    - FlipperKit/FlipperKitHighlightOverlay
    - FlipperKit/FlipperKitLayoutHelpers
    - FlipperKit/FlipperKitLayoutIOSDescriptors
    - FlipperKit/FlipperKitLayoutTextSearchable
    - YogaKit (~> 1.18)
  - FlipperKit/FlipperKitLayoutTextSearchable (0.125.0)
  - FlipperKit/FlipperKitNetworkPlugin (0.125.0):
    - FlipperKit/Core
  - FlipperKit/FlipperKitReactPlugin (0.125.0):
    - FlipperKit/Core
  - FlipperKit/FlipperKitUserDefaultsPlugin (0.125.0):
    - FlipperKit/Core
  - FlipperKit/SKIOSNetworkPlugin (0.125.0):
    - FlipperKit/Core
    - FlipperKit/FlipperKitNetworkPlugin
  - fmt (6.2.1)
  - glog (0.3.5)
  - libevent (2.1.12)
  - MMKV (1.2.14):
    - MMKVCore (~> 1.2.14)
  - MMKVCore (1.2.14)
  - OpenSSL-Universal (1.1.1100)
  - RCT-Folly (2021.06.28.00-v2):
    - boost
    - DoubleConversion
    - fmt (~> 6.2.1)
    - glog
    - RCT-Folly/Default (= 2021.06.28.00-v2)
  - RCT-Folly/Default (2021.06.28.00-v2):
    - boost
    - DoubleConversion
    - fmt (~> 6.2.1)
    - glog
  - RCTRequired (0.69.4)
  - RCTTypeSafety (0.69.4):
    - FBLazyVector (= 0.69.4)
    - RCTRequired (= 0.69.4)
    - React-Core (= 0.69.4)
  - React (0.69.4):
    - React-Core (= 0.69.4)
    - React-Core/DevSupport (= 0.69.4)
    - React-Core/RCTWebSocket (= 0.69.4)
    - React-RCTActionSheet (= 0.69.4)
    - React-RCTAnimation (= 0.69.4)
    - React-RCTBlob (= 0.69.4)
    - React-RCTImage (= 0.69.4)
    - React-RCTLinking (= 0.69.4)
    - React-RCTNetwork (= 0.69.4)
    - React-RCTSettings (= 0.69.4)
    - React-RCTText (= 0.69.4)
    - React-RCTVibration (= 0.69.4)
  - React-bridging (0.69.4):
    - RCT-Folly (= 2021.06.28.00-v2)
    - React-jsi (= 0.69.4)
  - React-callinvoker (0.69.4)
  - React-Codegen (0.69.4):
    - FBReactNativeSpec (= 0.69.4)
    - RCT-Folly (= 2021.06.28.00-v2)
    - RCTRequired (= 0.69.4)
    - RCTTypeSafety (= 0.69.4)
    - React-Core (= 0.69.4)
    - React-jsi (= 0.69.4)
    - React-jsiexecutor (= 0.69.4)
    - ReactCommon/turbomodule/core (= 0.69.4)
  - React-Core (0.69.4):
    - glog
    - RCT-Folly (= 2021.06.28.00-v2)
    - React-Core/Default (= 0.69.4)
    - React-cxxreact (= 0.69.4)
    - React-jsi (= 0.69.4)
    - React-jsiexecutor (= 0.69.4)
    - React-perflogger (= 0.69.4)
    - Yoga
  - React-Core/CoreModulesHeaders (0.69.4):
    - glog
    - RCT-Folly (= 2021.06.28.00-v2)
    - React-Core/Default
    - React-cxxreact (= 0.69.4)
    - React-jsi (= 0.69.4)
    - React-jsiexecutor (= 0.69.4)
    - React-perflogger (= 0.69.4)
    - Yoga
  - React-Core/Default (0.69.4):
    - glog
    - RCT-Folly (= 2021.06.28.00-v2)
    - React-cxxreact (= 0.69.4)
    - React-jsi (= 0.69.4)
    - React-jsiexecutor (= 0.69.4)
    - React-perflogger (= 0.69.4)
    - Yoga
  - React-Core/DevSupport (0.69.4):
    - glog
    - RCT-Folly (= 2021.06.28.00-v2)
    - React-Core/Default (= 0.69.4)
    - React-Core/RCTWebSocket (= 0.69.4)
    - React-cxxreact (= 0.69.4)
    - React-jsi (= 0.69.4)
    - React-jsiexecutor (= 0.69.4)
    - React-jsinspector (= 0.69.4)
    - React-perflogger (= 0.69.4)
    - Yoga
  - React-Core/RCTActionSheetHeaders (0.69.4):
    - glog
    - RCT-Folly (= 2021.06.28.00-v2)
    - React-Core/Default
    - React-cxxreact (= 0.69.4)
    - React-jsi (= 0.69.4)
    - React-jsiexecutor (= 0.69.4)
    - React-perflogger (= 0.69.4)
    - Yoga
  - React-Core/RCTAnimationHeaders (0.69.4):
    - glog
    - RCT-Folly (= 2021.06.28.00-v2)
    - React-Core/Default
    - React-cxxreact (= 0.69.4)
    - React-jsi (= 0.69.4)
    - React-jsiexecutor (= 0.69.4)
    - React-perflogger (= 0.69.4)
    - Yoga
  - React-Core/RCTBlobHeaders (0.69.4):
    - glog
    - RCT-Folly (= 2021.06.28.00-v2)
    - React-Core/Default
    - React-cxxreact (= 0.69.4)
    - React-jsi (= 0.69.4)
    - React-jsiexecutor (= 0.69.4)
    - React-perflogger (= 0.69.4)
    - Yoga
  - React-Core/RCTImageHeaders (0.69.4):
    - glog
    - RCT-Folly (= 2021.06.28.00-v2)
    - React-Core/Default
    - React-cxxreact (= 0.69.4)
    - React-jsi (= 0.69.4)
    - React-jsiexecutor (= 0.69.4)
    - React-perflogger (= 0.69.4)
    - Yoga
  - React-Core/RCTLinkingHeaders (0.69.4):
    - glog
    - RCT-Folly (= 2021.06.28.00-v2)
    - React-Core/Default
    - React-cxxreact (= 0.69.4)
    - React-jsi (= 0.69.4)
    - React-jsiexecutor (= 0.69.4)
    - React-perflogger (= 0.69.4)
    - Yoga
  - React-Core/RCTNetworkHeaders (0.69.4):
    - glog
    - RCT-Folly (= 2021.06.28.00-v2)
    - React-Core/Default
    - React-cxxreact (= 0.69.4)
    - React-jsi (= 0.69.4)
    - React-jsiexecutor (= 0.69.4)
    - React-perflogger (= 0.69.4)
    - Yoga
  - React-Core/RCTSettingsHeaders (0.69.4):
    - glog
    - RCT-Folly (= 2021.06.28.00-v2)
    - React-Core/Default
    - React-cxxreact (= 0.69.4)
    - React-jsi (= 0.69.4)
    - React-jsiexecutor (= 0.69.4)
    - React-perflogger (= 0.69.4)
    - Yoga
  - React-Core/RCTTextHeaders (0.69.4):
    - glog
    - RCT-Folly (= 2021.06.28.00-v2)
    - React-Core/Default
    - React-cxxreact (= 0.69.4)
    - React-jsi (= 0.69.4)
    - React-jsiexecutor (= 0.69.4)
    - React-perflogger (= 0.69.4)
    - Yoga
  - React-Core/RCTVibrationHeaders (0.69.4):
    - glog
    - RCT-Folly (= 2021.06.28.00-v2)
    - React-Core/Default
    - React-cxxreact (= 0.69.4)
    - React-jsi (= 0.69.4)
    - React-jsiexecutor (= 0.69.4)
    - React-perflogger (= 0.69.4)
    - Yoga
  - React-Core/RCTWebSocket (0.69.4):
    - glog
    - RCT-Folly (= 2021.06.28.00-v2)
    - React-Core/Default (= 0.69.4)
    - React-cxxreact (= 0.69.4)
    - React-jsi (= 0.69.4)
    - React-jsiexecutor (= 0.69.4)
    - React-perflogger (= 0.69.4)
    - Yoga
  - React-CoreModules (0.69.4):
    - RCT-Folly (= 2021.06.28.00-v2)
    - RCTTypeSafety (= 0.69.4)
    - React-Codegen (= 0.69.4)
    - React-Core/CoreModulesHeaders (= 0.69.4)
    - React-jsi (= 0.69.4)
    - React-RCTImage (= 0.69.4)
    - ReactCommon/turbomodule/core (= 0.69.4)
  - React-cxxreact (0.69.4):
    - boost (= 1.76.0)
    - DoubleConversion
    - glog
    - RCT-Folly (= 2021.06.28.00-v2)
    - React-callinvoker (= 0.69.4)
    - React-jsi (= 0.69.4)
    - React-jsinspector (= 0.69.4)
    - React-logger (= 0.69.4)
    - React-perflogger (= 0.69.4)
    - React-runtimeexecutor (= 0.69.4)
  - React-jsi (0.69.4):
    - boost (= 1.76.0)
    - DoubleConversion
    - glog
    - RCT-Folly (= 2021.06.28.00-v2)
    - React-jsi/Default (= 0.69.4)
  - React-jsi/Default (0.69.4):
    - boost (= 1.76.0)
    - DoubleConversion
    - glog
    - RCT-Folly (= 2021.06.28.00-v2)
  - React-jsiexecutor (0.69.4):
    - DoubleConversion
    - glog
    - RCT-Folly (= 2021.06.28.00-v2)
    - React-cxxreact (= 0.69.4)
    - React-jsi (= 0.69.4)
    - React-perflogger (= 0.69.4)
  - React-jsinspector (0.69.4)
  - React-logger (0.69.4):
    - glog
  - react-native-cameraroll (4.2.1):
    - React-Core
  - react-native-document-picker (8.1.1):
    - React-Core
  - react-native-image-resizer (1.4.5):
    - React-Core
  - react-native-mmkv (2.4.3):
    - MMKV (>= 1.2.13)
    - React-Core
  - react-native-netinfo (9.3.0):
    - React-Core
  - react-native-pager-view (5.4.25):
    - React-Core
  - react-native-quick-sqlite (4.0.5):
    - React
    - React-callinvoker
    - React-Core
  - react-native-safe-area-context (4.3.1):
    - RCT-Folly
    - RCTRequired
    - RCTTypeSafety
    - React
    - ReactCommon/turbomodule/core
  - react-native-slider (4.3.0):
    - React-Core
  - React-perflogger (0.69.4)
  - React-RCTActionSheet (0.69.4):
    - React-Core/RCTActionSheetHeaders (= 0.69.4)
  - React-RCTAnimation (0.69.4):
    - RCT-Folly (= 2021.06.28.00-v2)
    - RCTTypeSafety (= 0.69.4)
    - React-Codegen (= 0.69.4)
    - React-Core/RCTAnimationHeaders (= 0.69.4)
    - React-jsi (= 0.69.4)
    - ReactCommon/turbomodule/core (= 0.69.4)
  - React-RCTBlob (0.69.4):
    - RCT-Folly (= 2021.06.28.00-v2)
    - React-Codegen (= 0.69.4)
    - React-Core/RCTBlobHeaders (= 0.69.4)
    - React-Core/RCTWebSocket (= 0.69.4)
    - React-jsi (= 0.69.4)
    - React-RCTNetwork (= 0.69.4)
    - ReactCommon/turbomodule/core (= 0.69.4)
  - React-RCTImage (0.69.4):
    - RCT-Folly (= 2021.06.28.00-v2)
    - RCTTypeSafety (= 0.69.4)
    - React-Codegen (= 0.69.4)
    - React-Core/RCTImageHeaders (= 0.69.4)
    - React-jsi (= 0.69.4)
    - React-RCTNetwork (= 0.69.4)
    - ReactCommon/turbomodule/core (= 0.69.4)
  - React-RCTLinking (0.69.4):
    - React-Codegen (= 0.69.4)
    - React-Core/RCTLinkingHeaders (= 0.69.4)
    - React-jsi (= 0.69.4)
    - ReactCommon/turbomodule/core (= 0.69.4)
  - React-RCTNetwork (0.69.4):
    - RCT-Folly (= 2021.06.28.00-v2)
    - RCTTypeSafety (= 0.69.4)
    - React-Codegen (= 0.69.4)
    - React-Core/RCTNetworkHeaders (= 0.69.4)
    - React-jsi (= 0.69.4)
    - ReactCommon/turbomodule/core (= 0.69.4)
  - React-RCTSettings (0.69.4):
    - RCT-Folly (= 2021.06.28.00-v2)
    - RCTTypeSafety (= 0.69.4)
    - React-Codegen (= 0.69.4)
    - React-Core/RCTSettingsHeaders (= 0.69.4)
    - React-jsi (= 0.69.4)
    - ReactCommon/turbomodule/core (= 0.69.4)
  - React-RCTText (0.69.4):
    - React-Core/RCTTextHeaders (= 0.69.4)
  - React-RCTVibration (0.69.4):
    - RCT-Folly (= 2021.06.28.00-v2)
    - React-Codegen (= 0.69.4)
    - React-Core/RCTVibrationHeaders (= 0.69.4)
    - React-jsi (= 0.69.4)
    - ReactCommon/turbomodule/core (= 0.69.4)
  - React-runtimeexecutor (0.69.4):
    - React-jsi (= 0.69.4)
  - ReactCommon/turbomodule/core (0.69.4):
    - DoubleConversion
    - glog
    - RCT-Folly (= 2021.06.28.00-v2)
    - React-bridging (= 0.69.4)
    - React-callinvoker (= 0.69.4)
    - React-Core (= 0.69.4)
    - React-cxxreact (= 0.69.4)
    - React-jsi (= 0.69.4)
    - React-logger (= 0.69.4)
    - React-perflogger (= 0.69.4)
  - RNAudioRecorderPlayer (3.5.1):
    - React-Core
  - RNFS (2.20.0):
    - React-Core
  - RNGestureHandler (2.5.0):
    - React-Core
  - RNImageCropPicker (0.38.0):
    - React-Core
    - React-RCTImage
    - RNImageCropPicker/QBImagePickerController (= 0.38.0)
    - TOCropViewController
  - RNImageCropPicker/QBImagePickerController (0.38.0):
    - React-Core
    - React-RCTImage
    - TOCropViewController
  - RNReactNativeHapticFeedback (1.14.0):
    - React-Core
  - RNReanimated (2.9.1):
    - DoubleConversion
    - FBLazyVector
    - FBReactNativeSpec
    - glog
    - RCT-Folly
    - RCTRequired
    - RCTTypeSafety
    - React-callinvoker
    - React-Core
    - React-Core/DevSupport
    - React-Core/RCTWebSocket
    - React-CoreModules
    - React-cxxreact
    - React-jsi
    - React-jsiexecutor
    - React-jsinspector
    - React-RCTActionSheet
    - React-RCTAnimation
    - React-RCTBlob
    - React-RCTImage
    - React-RCTLinking
    - React-RCTNetwork
    - React-RCTSettings
    - React-RCTText
    - ReactCommon/turbomodule/core
    - Yoga
  - RNScreens (3.15.0):
    - React-Core
    - React-RCTImage
  - RNShare (7.8.0):
    - React-Core
  - RNSVG (12.4.4):
    - React-Core
  - SocketRocket (0.6.0)
  - TOCropViewController (2.6.1)
  - Yoga (1.14.0)
  - YogaKit (1.18.1):
    - Yoga (~> 1.14)

DEPENDENCIES:
  - boost (from `../node_modules/react-native/third-party-podspecs/boost.podspec`)
  - DoubleConversion (from `../node_modules/react-native/third-party-podspecs/DoubleConversion.podspec`)
  - FBLazyVector (from `../node_modules/react-native/Libraries/FBLazyVector`)
  - FBReactNativeSpec (from `../node_modules/react-native/React/FBReactNativeSpec`)
  - Flipper (= 0.125.0)
  - Flipper-Boost-iOSX (= 1.76.0.1.11)
  - Flipper-DoubleConversion (= 3.2.0.1)
  - Flipper-Fmt (= 7.1.7)
  - Flipper-Folly (= 2.6.10)
  - Flipper-Glog (= 0.5.0.5)
  - Flipper-PeerTalk (= 0.0.4)
  - Flipper-RSocket (= 1.4.3)
  - FlipperKit (= 0.125.0)
  - FlipperKit/Core (= 0.125.0)
  - FlipperKit/CppBridge (= 0.125.0)
  - FlipperKit/FBCxxFollyDynamicConvert (= 0.125.0)
  - FlipperKit/FBDefines (= 0.125.0)
  - FlipperKit/FKPortForwarding (= 0.125.0)
  - FlipperKit/FlipperKitHighlightOverlay (= 0.125.0)
  - FlipperKit/FlipperKitLayoutPlugin (= 0.125.0)
  - FlipperKit/FlipperKitLayoutTextSearchable (= 0.125.0)
  - FlipperKit/FlipperKitNetworkPlugin (= 0.125.0)
  - FlipperKit/FlipperKitReactPlugin (= 0.125.0)
  - FlipperKit/FlipperKitUserDefaultsPlugin (= 0.125.0)
  - FlipperKit/SKIOSNetworkPlugin (= 0.125.0)
  - glog (from `../node_modules/react-native/third-party-podspecs/glog.podspec`)
  - OpenSSL-Universal (= 1.1.1100)
  - RCT-Folly (from `../node_modules/react-native/third-party-podspecs/RCT-Folly.podspec`)
  - RCTRequired (from `../node_modules/react-native/Libraries/RCTRequired`)
  - RCTTypeSafety (from `../node_modules/react-native/Libraries/TypeSafety`)
  - React (from `../node_modules/react-native/`)
  - React-bridging (from `../node_modules/react-native/ReactCommon`)
  - React-callinvoker (from `../node_modules/react-native/ReactCommon/callinvoker`)
  - React-Codegen (from `build/generated/ios`)
  - React-Core (from `../node_modules/react-native/`)
  - React-Core/DevSupport (from `../node_modules/react-native/`)
  - React-Core/RCTWebSocket (from `../node_modules/react-native/`)
  - React-CoreModules (from `../node_modules/react-native/React/CoreModules`)
  - React-cxxreact (from `../node_modules/react-native/ReactCommon/cxxreact`)
  - React-jsi (from `../node_modules/react-native/ReactCommon/jsi`)
  - React-jsiexecutor (from `../node_modules/react-native/ReactCommon/jsiexecutor`)
  - React-jsinspector (from `../node_modules/react-native/ReactCommon/jsinspector`)
  - React-logger (from `../node_modules/react-native/ReactCommon/logger`)
  - "react-native-cameraroll (from `../node_modules/@stream-io/react-native-cameraroll`)"
  - react-native-document-picker (from `../node_modules/react-native-document-picker`)
  - react-native-image-resizer (from `../node_modules/react-native-image-resizer`)
  - react-native-mmkv (from `../node_modules/react-native-mmkv`)
  - "react-native-netinfo (from `../node_modules/@react-native-community/netinfo`)"
  - react-native-pager-view (from `../node_modules/react-native-pager-view`)
  - react-native-quick-sqlite (from `../node_modules/react-native-quick-sqlite`)
  - react-native-safe-area-context (from `../node_modules/react-native-safe-area-context`)
  - "react-native-slider (from `../node_modules/@react-native-community/slider`)"
  - React-perflogger (from `../node_modules/react-native/ReactCommon/reactperflogger`)
  - React-RCTActionSheet (from `../node_modules/react-native/Libraries/ActionSheetIOS`)
  - React-RCTAnimation (from `../node_modules/react-native/Libraries/NativeAnimation`)
  - React-RCTBlob (from `../node_modules/react-native/Libraries/Blob`)
  - React-RCTImage (from `../node_modules/react-native/Libraries/Image`)
  - React-RCTLinking (from `../node_modules/react-native/Libraries/LinkingIOS`)
  - React-RCTNetwork (from `../node_modules/react-native/Libraries/Network`)
  - React-RCTSettings (from `../node_modules/react-native/Libraries/Settings`)
  - React-RCTText (from `../node_modules/react-native/Libraries/Text`)
  - React-RCTVibration (from `../node_modules/react-native/Libraries/Vibration`)
  - React-runtimeexecutor (from `../node_modules/react-native/ReactCommon/runtimeexecutor`)
  - ReactCommon/turbomodule/core (from `../node_modules/react-native/ReactCommon`)
  - RNAudioRecorderPlayer (from `../node_modules/react-native-audio-recorder-player`)
  - RNFS (from `../node_modules/react-native-fs`)
  - RNGestureHandler (from `../node_modules/react-native-gesture-handler`)
  - RNImageCropPicker (from `../node_modules/react-native-image-crop-picker`)
  - RNReactNativeHapticFeedback (from `../node_modules/react-native-haptic-feedback`)
  - RNReanimated (from `../node_modules/react-native-reanimated`)
  - RNScreens (from `../node_modules/react-native-screens`)
  - RNShare (from `../node_modules/react-native-share`)
  - RNSVG (from `../node_modules/react-native-svg`)
  - Yoga (from `../node_modules/react-native/ReactCommon/yoga`)

SPEC REPOS:
  trunk:
    - CocoaAsyncSocket
    - Flipper
    - Flipper-Boost-iOSX
    - Flipper-DoubleConversion
    - Flipper-Fmt
    - Flipper-Folly
    - Flipper-Glog
    - Flipper-PeerTalk
    - Flipper-RSocket
    - FlipperKit
    - fmt
    - libevent
    - MMKV
    - MMKVCore
    - OpenSSL-Universal
    - SocketRocket
    - TOCropViewController
    - YogaKit

EXTERNAL SOURCES:
  boost:
    :podspec: "../node_modules/react-native/third-party-podspecs/boost.podspec"
  DoubleConversion:
    :podspec: "../node_modules/react-native/third-party-podspecs/DoubleConversion.podspec"
  FBLazyVector:
    :path: "../node_modules/react-native/Libraries/FBLazyVector"
  FBReactNativeSpec:
    :path: "../node_modules/react-native/React/FBReactNativeSpec"
  glog:
    :podspec: "../node_modules/react-native/third-party-podspecs/glog.podspec"
  RCT-Folly:
    :podspec: "../node_modules/react-native/third-party-podspecs/RCT-Folly.podspec"
  RCTRequired:
    :path: "../node_modules/react-native/Libraries/RCTRequired"
  RCTTypeSafety:
    :path: "../node_modules/react-native/Libraries/TypeSafety"
  React:
    :path: "../node_modules/react-native/"
  React-bridging:
    :path: "../node_modules/react-native/ReactCommon"
  React-callinvoker:
    :path: "../node_modules/react-native/ReactCommon/callinvoker"
  React-Codegen:
    :path: build/generated/ios
  React-Core:
    :path: "../node_modules/react-native/"
  React-CoreModules:
    :path: "../node_modules/react-native/React/CoreModules"
  React-cxxreact:
    :path: "../node_modules/react-native/ReactCommon/cxxreact"
  React-jsi:
    :path: "../node_modules/react-native/ReactCommon/jsi"
  React-jsiexecutor:
    :path: "../node_modules/react-native/ReactCommon/jsiexecutor"
  React-jsinspector:
    :path: "../node_modules/react-native/ReactCommon/jsinspector"
  React-logger:
    :path: "../node_modules/react-native/ReactCommon/logger"
  react-native-cameraroll:
    :path: "../node_modules/@stream-io/react-native-cameraroll"
  react-native-document-picker:
    :path: "../node_modules/react-native-document-picker"
  react-native-image-resizer:
    :path: "../node_modules/react-native-image-resizer"
  react-native-mmkv:
    :path: "../node_modules/react-native-mmkv"
  react-native-netinfo:
    :path: "../node_modules/@react-native-community/netinfo"
  react-native-pager-view:
    :path: "../node_modules/react-native-pager-view"
  react-native-quick-sqlite:
    :path: "../node_modules/react-native-quick-sqlite"
  react-native-safe-area-context:
    :path: "../node_modules/react-native-safe-area-context"
  react-native-slider:
    :path: "../node_modules/@react-native-community/slider"
  React-perflogger:
    :path: "../node_modules/react-native/ReactCommon/reactperflogger"
  React-RCTActionSheet:
    :path: "../node_modules/react-native/Libraries/ActionSheetIOS"
  React-RCTAnimation:
    :path: "../node_modules/react-native/Libraries/NativeAnimation"
  React-RCTBlob:
    :path: "../node_modules/react-native/Libraries/Blob"
  React-RCTImage:
    :path: "../node_modules/react-native/Libraries/Image"
  React-RCTLinking:
    :path: "../node_modules/react-native/Libraries/LinkingIOS"
  React-RCTNetwork:
    :path: "../node_modules/react-native/Libraries/Network"
  React-RCTSettings:
    :path: "../node_modules/react-native/Libraries/Settings"
  React-RCTText:
    :path: "../node_modules/react-native/Libraries/Text"
  React-RCTVibration:
    :path: "../node_modules/react-native/Libraries/Vibration"
  React-runtimeexecutor:
    :path: "../node_modules/react-native/ReactCommon/runtimeexecutor"
  ReactCommon:
    :path: "../node_modules/react-native/ReactCommon"
  RNAudioRecorderPlayer:
    :path: "../node_modules/react-native-audio-recorder-player"
  RNFS:
    :path: "../node_modules/react-native-fs"
  RNGestureHandler:
    :path: "../node_modules/react-native-gesture-handler"
  RNImageCropPicker:
    :path: "../node_modules/react-native-image-crop-picker"
  RNReactNativeHapticFeedback:
    :path: "../node_modules/react-native-haptic-feedback"
  RNReanimated:
    :path: "../node_modules/react-native-reanimated"
  RNScreens:
    :path: "../node_modules/react-native-screens"
  RNShare:
    :path: "../node_modules/react-native-share"
  RNSVG:
    :path: "../node_modules/react-native-svg"
  Yoga:
    :path: "../node_modules/react-native/ReactCommon/yoga"

SPEC CHECKSUMS:
  boost: a7c83b31436843459a1961bfd74b96033dc77234
  CocoaAsyncSocket: 065fd1e645c7abab64f7a6a2007a48038fdc6a99
  DoubleConversion: 5189b271737e1565bdce30deb4a08d647e3f5f54
  FBLazyVector: c71b8c429a8af2aff1013934a7152e9d9d0c937d
  FBReactNativeSpec: cb0df4f0084281b394f76bb9b4d1d9540f35963f
  Flipper: 26fc4b7382499f1281eb8cb921e5c3ad6de91fe0
  Flipper-Boost-iOSX: fd1e2b8cbef7e662a122412d7ac5f5bea715403c
  Flipper-DoubleConversion: 2dc99b02f658daf147069aad9dbd29d8feb06d30
  Flipper-Fmt: 60cbdd92fc254826e61d669a5d87ef7015396a9b
  Flipper-Folly: 584845625005ff068a6ebf41f857f468decd26b3
  Flipper-Glog: 70c50ce58ddaf67dc35180db05f191692570f446
  Flipper-PeerTalk: 116d8f857dc6ef55c7a5a75ea3ceaafe878aadc9
  Flipper-RSocket: d9d9ade67cbecf6ac10730304bf5607266dd2541
  FlipperKit: cbdee19bdd4e7f05472a66ce290f1b729ba3cb86
  fmt: ff9d55029c625d3757ed641535fd4a75fedc7ce9
  glog: 3d02b25ca00c2d456734d0bcff864cbc62f6ae1a
  libevent: 4049cae6c81cdb3654a443be001fb9bdceff7913
  MMKV: 9c4663aa7ca255d478ff10f2f5cb7d17c1651ccd
  MMKVCore: 89f5c8a66bba2dcd551779dea4d412eeec8ff5bb
  OpenSSL-Universal: ebc357f1e6bc71fa463ccb2fe676756aff50e88c
  RCT-Folly: b9d9fe1fc70114b751c076104e52f3b1b5e5a95a
  RCTRequired: bd9d2ab0fda10171fcbcf9ba61a7df4dc15a28f4
  RCTTypeSafety: e44e139bf6ec8042db396201834fc2372f6a21cd
  React: 482cd1ba23c471be1aed3800180be2427418d7be
  React-bridging: c2ea4fed6fe4ed27c12fd71e88b5d5d3da107fde
  React-callinvoker: d4d1f98163fb5e35545e910415ef6c04796bb188
  React-Codegen: ff35fb9c7f6ec2ed34fb6de2e1099d88dfb25f2f
  React-Core: 4d3443a45b67c71d74d7243ddde9569d1e4f4fad
  React-CoreModules: 70be25399366b5632ab18ecf6fe444a8165a7bea
  React-cxxreact: 822d3794fc0bf206f4691592f90e086dd4f92228
  React-jsi: ffa51cbc9a78cc156cf61f79ed52ecb76dc6013b
  React-jsiexecutor: a27badbbdbc0ff781813370736a2d1c7261181d4
  React-jsinspector: 8a3d3f5dcd23a91e8c80b1bf0e96902cd1dca999
  React-logger: 1088859f145b8f6dd0d3ed051a647ef0e3e80fad
  react-native-cameraroll: ebd8682be5054f0f947f1df237886a3750011030
  react-native-document-picker: f68191637788994baed5f57d12994aa32cf8bf88
  react-native-image-resizer: d9fb629a867335bdc13230ac2a58702bb8c8828f
  react-native-mmkv: 1265a348a4711097ba29c8bcefd5971f48220f2b
  react-native-netinfo: 129bd99f607a2dc5bb096168f3e5c150fd1f1c95
  react-native-pager-view: da490aa1f902c9a5aeecf0909cc975ad0e92e53e
  react-native-quick-sqlite: 69befc539ffb566f2efc82fedc95ca14e20300ef
  react-native-safe-area-context: 6c12e3859b6f27b25de4fee8201cfb858432d8de
  react-native-slider: 70c5d4eaa12c27cc5be1ef6ee198d41a52484944
  React-perflogger: cb386fd44c97ec7f8199c04c12b22066b0f2e1e0
  React-RCTActionSheet: f803a85e46cf5b4066c2ac5e122447f918e9c6e5
  React-RCTAnimation: 19c80fa950ccce7f4db76a2a7f2cf79baae07fc7
  React-RCTBlob: f36ab97e2d515c36df14a1571e50056be80413d5
  React-RCTImage: 2c8f0a329a116248e82f8972ffe806e47c6d1cfa
  React-RCTLinking: 670f0223075aff33be3b89714f1da4f5343fc4af
  React-RCTNetwork: 09385b73f4ff1f46bd5d749540fb33f69a7e5908
  React-RCTSettings: 33b12d3ac7a1f2eba069ec7bd1b84345263b3bbe
  React-RCTText: a1a3ea902403bd9ae4cf6f7960551dc1d25711b5
  React-RCTVibration: 9adb4a3cbb598d1bbd46a05256f445e4b8c70603
  React-runtimeexecutor: 61ee22a8cdf8b6bb2a7fb7b4ba2cc763e5285196
  ReactCommon: 8f67bd7e0a6afade0f20718f859dc8c2275f2e83
  RNAudioRecorderPlayer: 308940de4f9d1448a064874fd9d83479ae47c7a7
  RNFS: 4ac0f0ea233904cb798630b3c077808c06931688
  RNGestureHandler: bad495418bcbd3ab47017a38d93d290ebd406f50
  RNImageCropPicker: ffbba608264885c241cbf3a8f78eb7aeeb978241
  RNReactNativeHapticFeedback: 1e3efeca9628ff9876ee7cdd9edec1b336913f8c
  RNReanimated: 2cf7451318bb9cc430abeec8d67693f9cf4e039c
  RNScreens: 4a1af06327774490d97342c00aee0c2bafb497b7
  RNShare: 31b418e3ff2084712f0f39618bafa5f97a322c0e
  RNSVG: ecd661f380a07ba690c9c5929c475a44f432d674
  SocketRocket: fccef3f9c5cedea1353a9ef6ada904fde10d6608
  TOCropViewController: edfd4f25713d56905ad1e0b9f5be3fbe0f59c863
  Yoga: ff994563b2fd98c982ca58e8cd9db2cdaf4dda74
  YogaKit: f782866e155069a2cca2517aafea43200b01fd5a

PODFILE CHECKSUM: cd03657c9574eda8059d0c33de13d17eee658648

COCOAPODS: 1.11.3
